
Microsoft Visual Studio Solution File, Format Version 12.00
# Visual Studio Version 16
VisualStudioVersion = 16.0.30503.244
MinimumVisualStudioVersion = 10.0.40219.1
Project("{FAE04EC0-301F-11D3-BF4B-00C04F79EFBC}") = "AndroidLab0", "AndroidLab0\AndroidLab0.csproj", "{F84A3BAC-5E2A-4101-82A8-735D644B4E3F}"
EndProject
Global
	GlobalSection(SolutionConfigurationPlatforms) = preSolution
		Debug|Any CPU = Debug|Any CPU
		Release|Any CPU = Release|Any CPU
	EndGlobalSection
	GlobalSection(ProjectConfigurationPlatforms) = postSolution
		{F84A3BAC-5E2A-4101-82A8-735D644B4E3F}.Debug|Any CPU.ActiveCfg = Debug|Any CPU
		{F84A3BAC-5E2A-4101-82A8-735D644B4E3F}.Debug|Any CPU.Build.0 = Debug|Any CPU
		{F84A3BAC-5E2A-4101-82A8-735D644B4E3F}.Release|Any CPU.ActiveCfg = Release|Any CPU
		{F84A3BAC-5E2A-4101-82A8-735D644B4E3F}.Release|Any CPU.Build.0 = Release|Any CPU
	EndGlobalSection
	GlobalSection(SolutionProperties) = preSolution
		HideSolutionNode = FALSE
	EndGlobalSection
	GlobalSection(ExtensibilityGlobals) = postSolution
		SolutionGuid = {ABA0CC09-3371-4025-AA53-2FEE86B0B5D9}
	EndGlobalSection
EndGlobal
